hash: 3fb131132a5a2e0e2311655a0323784bb7fdce3281fe2276a84c62d02605682a
updated: 2017-01-05T22:45:53.851341244+09:00
imports:
- name: github.com/davecgh/go-spew
  version: 346938d642f2ec3594ed81d874461961cd0faa76
  subpackages:
  - spew
- name: github.com/lestrrat/go-jspointer
  version: f4881e611bdbe9fb413a7780721ef8400a1f2341
- name: github.com/lestrrat/go-jsref
  version: e452c7b5801d1c6494c9e7e0cbc7498c0f88dfd1
  subpackages:
  - provider
- name: github.com/lestrrat/go-jsschema
  version: a6a42341b50d8d7e2a733db922eefaa756321021
- name: github.com/lestrrat/go-pdebug
  version: 2e6eaaa5717f81bda41d27070d3c966f40a1e75f
- name: github.com/lestrrat/go-structinfo
  version: f74c056fe41f860aa6264478c664a6fff8a64298
- name: github.com/pkg/errors
  version: 248dadf4e9068a0b3e79f02ed0a610d935de5302
testImports:
- name: github.com/axw/gocov
  version: c77561ca0c0cb1ed5d4ce4a912a75f5532566422
  subpackages:
  - gocov
- name: github.com/mattn/goveralls
  version: 9d621f6940639bf287ecbb6f585a2c26eeba3bbe
