hash: 5d3ef523a7bb34322bc57c775a712625a7096f295c05d182f1f7dcb04a417901
updated: 2017-08-15T02:14:03.765066079+09:00
imports:
- name: github.com/davecgh/go-spew
  version: 04cdfd42973bb9c8589fd6a731800cf222fde1a9
  subpackages:
  - spew
- name: github.com/lestrrat/go-jspointer
  version: f4881e611bdbe9fb413a7780721ef8400a1f2341
- name: github.com/lestrrat/go-jsref
  version: 50df7b2d07d799426a9ac43fa24bdb4785f72a54
  subpackages:
  - provider
- name: github.com/lestrrat/go-jsschema
  version: a6a42341b50d8d7e2a733db922eefaa756321021
- name: github.com/lestrrat/go-pdebug
  version: 2e6eaaa5717f81bda41d27070d3c966f40a1e75f
- name: github.com/lestrrat/go-structinfo
  version: f74c056fe41f860aa6264478c664a6fff8a64298
- name: github.com/pkg/errors
  version: c605e284fe17294bda444b34710735b29d1a9d90
- name: golang.org/x/crypto
  version: b176d7def5d71bdd214203491f89843ed217f420
  subpackages:
  - ssh/terminal
- name: golang.org/x/sys
  version: e42485b6e20ae7d2304ec72e535b103ed350cc02
  subpackages:
  - unix
  - windows
testImports: []
